
Microsoft Visual Studio Solution File, Format Version 12.00
# Visual Studio Version 16
VisualStudioVersion = 16.0.32602.291
MinimumVisualStudioVersion = 10.0.40219.1
Project("{9A19103F-16F7-4668-BE54-9A1E7A4F7556}") = "01. Unique Usernames", "01. Unique Usernames\01. Unique Usernames.csproj", "{DB1580CB-6802-4673-8269-42B6CFA71C9F}"
EndProject
Project("{9A19103F-16F7-4668-BE54-9A1E7A4F7556}") = "02. Sets of Elements", "02. Sets of Elements\02. Sets of Elements.csproj", "{D1A02A7C-C283-4019-96CF-938A3ED5262C}"
EndProject
Project("{9A19103F-16F7-4668-BE54-9A1E7A4F7556}") = "03. Periodic Table", "03. Periodic Table\03. Periodic Table.csproj", "{B46D4D02-7DCC-4BEC-B449-70CAE0FA876E}"
EndProject
Project("{9A19103F-16F7-4668-BE54-9A1E7A4F7556}") = "04. Even Times", "04. Even Times\04. Even Times.csproj", "{E8F2C430-AF0A-416C-8510-5817B7EB2F88}"
EndProject
Project("{9A19103F-16F7-4668-BE54-9A1E7A4F7556}") = "05. Count Symbols", "05. Count Symbols\05. Count Symbols.csproj", "{E05F4220-21DF-44FC-A01C-1B44EEB40208}"
EndProject
Project("{9A19103F-16F7-4668-BE54-9A1E7A4F7556}") = "06. Wardrobe", "06. Wardrobe\06. Wardrobe.csproj", "{98BF7539-6395-41F0-B82D-5B8325C4266B}"
EndProject
Project("{9A19103F-16F7-4668-BE54-9A1E7A4F7556}") = "07. The V-Logger", "07. The V-Logger\07. The V-Logger.csproj", "{64A12E3C-2D86-443B-91E7-0C194126A7AA}"
EndProject
Project("{9A19103F-16F7-4668-BE54-9A1E7A4F7556}") = "08. Ranking", "08. Ranking\08. Ranking.csproj", "{6F565EF1-83CF-4B4C-9502-A85BF5FBC393}"
EndProject
Project("{FAE04EC0-301F-11D3-BF4B-00C04F79EFBC}") = "09. SoftUni Exam Results", "09. SoftUni Exam Results\09. SoftUni Exam Results.csproj", "{11689A20-9AB5-413A-84BF-7B01417D1444}"
EndProject
Project("{FAE04EC0-301F-11D3-BF4B-00C04F79EFBC}") = "10. ForceBook", "10. ForceBook\10. ForceBook.csproj", "{1D1E6C43-E150-4C2F-9C81-665D7FD27A48}"
EndProject
Global
	GlobalSection(SolutionConfigurationPlatforms) = preSolution
		Debug|Any CPU = Debug|Any CPU
		Release|Any CPU = Release|Any CPU
	EndGlobalSection
	GlobalSection(ProjectConfigurationPlatforms) = postSolution
		{DB1580CB-6802-4673-8269-42B6CFA71C9F}.Debug|Any CPU.ActiveCfg = Debug|Any CPU
		{DB1580CB-6802-4673-8269-42B6CFA71C9F}.Debug|Any CPU.Build.0 = Debug|Any CPU
		{DB1580CB-6802-4673-8269-42B6CFA71C9F}.Release|Any CPU.ActiveCfg = Release|Any CPU
		{DB1580CB-6802-4673-8269-42B6CFA71C9F}.Release|Any CPU.Build.0 = Release|Any CPU
		{D1A02A7C-C283-4019-96CF-938A3ED5262C}.Debug|Any CPU.ActiveCfg = Debug|Any CPU
		{D1A02A7C-C283-4019-96CF-938A3ED5262C}.Debug|Any CPU.Build.0 = Debug|Any CPU
		{D1A02A7C-C283-4019-96CF-938A3ED5262C}.Release|Any CPU.ActiveCfg = Release|Any CPU
		{D1A02A7C-C283-4019-96CF-938A3ED5262C}.Release|Any CPU.Build.0 = Release|Any CPU
		{B46D4D02-7DCC-4BEC-B449-70CAE0FA876E}.Debug|Any CPU.ActiveCfg = Debug|Any CPU
		{B46D4D02-7DCC-4BEC-B449-70CAE0FA876E}.Debug|Any CPU.Build.0 = Debug|Any CPU
		{B46D4D02-7DCC-4BEC-B449-70CAE0FA876E}.Release|Any CPU.ActiveCfg = Release|Any CPU
		{B46D4D02-7DCC-4BEC-B449-70CAE0FA876E}.Release|Any CPU.Build.0 = Release|Any CPU
		{E8F2C430-AF0A-416C-8510-5817B7EB2F88}.Debug|Any CPU.ActiveCfg = Debug|Any CPU
		{E8F2C430-AF0A-416C-8510-5817B7EB2F88}.Debug|Any CPU.Build.0 = Debug|Any CPU
		{E8F2C430-AF0A-416C-8510-5817B7EB2F88}.Release|Any CPU.ActiveCfg = Release|Any CPU
		{E8F2C430-AF0A-416C-8510-5817B7EB2F88}.Release|Any CPU.Build.0 = Release|Any CPU
		{E05F4220-21DF-44FC-A01C-1B44EEB40208}.Debug|Any CPU.ActiveCfg = Debug|Any CPU
		{E05F4220-21DF-44FC-A01C-1B44EEB40208}.Debug|Any CPU.Build.0 = Debug|Any CPU
		{E05F4220-21DF-44FC-A01C-1B44EEB40208}.Release|Any CPU.ActiveCfg = Release|Any CPU
		{E05F4220-21DF-44FC-A01C-1B44EEB40208}.Release|Any CPU.Build.0 = Release|Any CPU
		{98BF7539-6395-41F0-B82D-5B8325C4266B}.Debug|Any CPU.ActiveCfg = Debug|Any CPU
		{98BF7539-6395-41F0-B82D-5B8325C4266B}.Debug|Any CPU.Build.0 = Debug|Any CPU
		{98BF7539-6395-41F0-B82D-5B8325C4266B}.Release|Any CPU.ActiveCfg = Release|Any CPU
		{98BF7539-6395-41F0-B82D-5B8325C4266B}.Release|Any CPU.Build.0 = Release|Any CPU
		{64A12E3C-2D86-443B-91E7-0C194126A7AA}.Debug|Any CPU.ActiveCfg = Debug|Any CPU
		{64A12E3C-2D86-443B-91E7-0C194126A7AA}.Debug|Any CPU.Build.0 = Debug|Any CPU
		{64A12E3C-2D86-443B-91E7-0C194126A7AA}.Release|Any CPU.ActiveCfg = Release|Any CPU
		{64A12E3C-2D86-443B-91E7-0C194126A7AA}.Release|Any CPU.Build.0 = Release|Any CPU
		{6F565EF1-83CF-4B4C-9502-A85BF5FBC393}.Debug|Any CPU.ActiveCfg = Debug|Any CPU
		{6F565EF1-83CF-4B4C-9502-A85BF5FBC393}.Debug|Any CPU.Build.0 = Debug|Any CPU
		{6F565EF1-83CF-4B4C-9502-A85BF5FBC393}.Release|Any CPU.ActiveCfg = Release|Any CPU
		{6F565EF1-83CF-4B4C-9502-A85BF5FBC393}.Release|Any CPU.Build.0 = Release|Any CPU
		{11689A20-9AB5-413A-84BF-7B01417D1444}.Debug|Any CPU.ActiveCfg = Debug|Any CPU
		{11689A20-9AB5-413A-84BF-7B01417D1444}.Debug|Any CPU.Build.0 = Debug|Any CPU
		{11689A20-9AB5-413A-84BF-7B01417D1444}.Release|Any CPU.ActiveCfg = Release|Any CPU
		{11689A20-9AB5-413A-84BF-7B01417D1444}.Release|Any CPU.Build.0 = Release|Any CPU
		{1D1E6C43-E150-4C2F-9C81-665D7FD27A48}.Debug|Any CPU.ActiveCfg = Debug|Any CPU
		{1D1E6C43-E150-4C2F-9C81-665D7FD27A48}.Debug|Any CPU.Build.0 = Debug|Any CPU
		{1D1E6C43-E150-4C2F-9C81-665D7FD27A48}.Release|Any CPU.ActiveCfg = Release|Any CPU
		{1D1E6C43-E150-4C2F-9C81-665D7FD27A48}.Release|Any CPU.Build.0 = Release|Any CPU
	EndGlobalSection
	GlobalSection(SolutionProperties) = preSolution
		HideSolutionNode = FALSE
	EndGlobalSection
	GlobalSection(ExtensibilityGlobals) = postSolution
		SolutionGuid = {785AC64E-9750-4072-9E82-0B211508E887}
	EndGlobalSection
EndGlobal
