
Microsoft Visual Studio Solution File, Format Version 12.00
# Visual Studio Version 16
VisualStudioVersion = 16.0.32602.291
MinimumVisualStudioVersion = 10.0.40219.1
Project("{9A19103F-16F7-4668-BE54-9A1E7A4F7556}") = "SoftUniParking", "SoftUniParking.csproj", "{9152D393-4F8E-439F-800F-3F0A76129D2E}"
EndProject
Global
	GlobalSection(SolutionConfigurationPlatforms) = preSolution
		Debug|Any CPU = Debug|Any CPU
		Release|Any CPU = Release|Any CPU
	EndGlobalSection
	GlobalSection(ProjectConfigurationPlatforms) = postSolution
		{9152D393-4F8E-439F-800F-3F0A76129D2E}.Debug|Any CPU.ActiveCfg = Debug|Any CPU
		{9152D393-4F8E-439F-800F-3F0A76129D2E}.Debug|Any CPU.Build.0 = Debug|Any CPU
		{9152D393-4F8E-439F-800F-3F0A76129D2E}.Release|Any CPU.ActiveCfg = Release|Any CPU
		{9152D393-4F8E-439F-800F-3F0A76129D2E}.Release|Any CPU.Build.0 = Release|Any CPU
	EndGlobalSection
	GlobalSection(SolutionProperties) = preSolution
		HideSolutionNode = FALSE
	EndGlobalSection
	GlobalSection(ExtensibilityGlobals) = postSolution
		SolutionGuid = {858990B4-3035-4E25-A54E-8CB768A1DEB8}
	EndGlobalSection
EndGlobal
