
Microsoft Visual Studio Solution File, Format Version 12.00
# Visual Studio Version 16
VisualStudioVersion = 16.0.32602.291
MinimumVisualStudioVersion = 10.0.40219.1
Project("{9A19103F-16F7-4668-BE54-9A1E7A4F7556}") = "01. Tiles Master", "01. Tiles Master\01. Tiles Master.csproj", "{C3379AE5-2F72-4A6D-A117-587388D8864D}"
EndProject
Project("{9A19103F-16F7-4668-BE54-9A1E7A4F7556}") = "02. Wall Destroyer", "02. Wall Destroyer\02. Wall Destroyer.csproj", "{3B67D223-572B-4997-A80A-467DED4A6503}"
EndProject
Project("{9A19103F-16F7-4668-BE54-9A1E7A4F7556}") = "Renovators", "03. Renovators\Renovators.csproj", "{0206FE50-9748-4AC9-AEF3-E65FC8AE433C}"
EndProject
Project("{9A19103F-16F7-4668-BE54-9A1E7A4F7556}") = "03. Food Finder", "03. Food Finder\03. Food Finder.csproj", "{1455950F-3789-4419-A884-464AAB43F4BB}"
EndProject
Project("{9A19103F-16F7-4668-BE54-9A1E7A4F7556}") = "04. Pawn Wars", "04. Pawn Wars\04. Pawn Wars.csproj", "{C45CFC16-F1B9-487E-8E71-BEA8BC66C774}"
EndProject
Project("{9A19103F-16F7-4668-BE54-9A1E7A4F7556}") = "StockMarket", "05. Stock Market\StockMarket\StockMarket.csproj", "{EE84499B-BE1F-4369-B22B-2C968450EE58}"
EndProject
Project("{9A19103F-16F7-4668-BE54-9A1E7A4F7556}") = "05. Bakery Shop", "05. Bakery Shop\05. Bakery Shop.csproj", "{3B2134A4-B5E1-4169-A604-9AB9AEF9822E}"
EndProject
Project("{9A19103F-16F7-4668-BE54-9A1E7A4F7556}") = "06. Beaver at Work", "06. Beaver at Work\06. Beaver at Work.csproj", "{22CB6041-8C55-4965-9BCB-D8D5E548813E}"
EndProject
Project("{9A19103F-16F7-4668-BE54-9A1E7A4F7556}") = "FishingNet", "07. Fishing Net\FishingNet.csproj", "{2087C5AF-8160-4181-B112-532D1EA96459}"
EndProject
Project("{9A19103F-16F7-4668-BE54-9A1E7A4F7556}") = "07. Masterchef", "07. Masterchef\07. Masterchef.csproj", "{F154141A-0DEF-4463-9480-BD89E7A26E02}"
EndProject
Project("{9A19103F-16F7-4668-BE54-9A1E7A4F7556}") = "08. Survivour", "08. Survivour\08. Survivour.csproj", "{0D60599B-E058-4B60-8A4B-146B2C7722E7}"
EndProject
Project("{9A19103F-16F7-4668-BE54-9A1E7A4F7556}") = "SkiRental", "09. Ski Rental\SkiRental.csproj", "{FCD74E85-290E-40B3-B44D-C33CD019DBC6}"
EndProject
Project("{9A19103F-16F7-4668-BE54-9A1E7A4F7556}") = "09. The Fight for Gondor", "09. The Fight for Gondor\09. The Fight for Gondor.csproj", "{FC3748DB-7540-4D3D-AF94-66154DF4F2D3}"
EndProject
Project("{9A19103F-16F7-4668-BE54-9A1E7A4F7556}") = "10. Warships", "10. Warships\10. Warships.csproj", "{49CC240A-0B86-483D-A18E-DB4167E5B72B}"
EndProject
Project("{9A19103F-16F7-4668-BE54-9A1E7A4F7556}") = "TheRace", "11. The Race\TheRace.csproj", "{13BE8F14-162D-4C88-B2CA-CE0B948E297F}"
EndProject
Project("{9A19103F-16F7-4668-BE54-9A1E7A4F7556}") = "11. Scheduling", "11. Scheduling\11. Scheduling.csproj", "{F9E70CBB-ED11-40F5-BDE6-FAE2EC30D5C2}"
EndProject
Project("{9A19103F-16F7-4668-BE54-9A1E7A4F7556}") = "12. Garden", "12. Garden\12. Garden.csproj", "{B8F8EDF9-82C9-479E-BFE6-DD2B306DB25D}"
EndProject
Project("{9A19103F-16F7-4668-BE54-9A1E7A4F7556}") = "ClassroomProject", "13. Classroom\ClassroomProject.csproj", "{55461217-0C7D-45E8-9DDF-C68F3A142EEA}"
EndProject
Project("{9A19103F-16F7-4668-BE54-9A1E7A4F7556}") = "13. Bombs", "13. Bombs\13. Bombs.csproj", "{9DACDC49-3A50-4BDA-982F-E7748BBFA761}"
EndProject
Project("{9A19103F-16F7-4668-BE54-9A1E7A4F7556}") = "14. Snake", "14. Snake\14. Snake.csproj", "{6760C147-968C-4724-B42A-3F14A71D6CBB}"
EndProject
Project("{9A19103F-16F7-4668-BE54-9A1E7A4F7556}") = "Parking", "15. Parking\Parking.csproj", "{B9004480-FB74-4BC9-B77F-1264EE637C3B}"
EndProject
Project("{9A19103F-16F7-4668-BE54-9A1E7A4F7556}") = "15. LootBox", "15. LootBox\15. LootBox.csproj", "{4F159D7E-7734-4EBF-9ABB-230127D017F8}"
EndProject
Project("{9A19103F-16F7-4668-BE54-9A1E7A4F7556}") = "16. Re-Volt", "16. Re-Volt\16. Re-Volt.csproj", "{FEB54E24-8C39-43D0-959C-F1B4D762B36C}"
EndProject
Project("{9A19103F-16F7-4668-BE54-9A1E7A4F7556}") = "17. Re-Volt v2", "17. Re-Volt v2\17. Re-Volt v2.csproj", "{5B225793-130D-4325-87AD-50AF895D1AB8}"
EndProject
Project("{9A19103F-16F7-4668-BE54-9A1E7A4F7556}") = "Guild", "18. Guild\Guild.csproj", "{350E6E48-4826-47B0-B1D5-09935EF0FA5C}"
EndProject
Project("{9A19103F-16F7-4668-BE54-9A1E7A4F7556}") = "18. Crossroads", "18. Crossroads\18. Crossroads.csproj", "{0425F244-D68A-425E-B4D2-C2B7F12A62A1}"
EndProject
Project("{9A19103F-16F7-4668-BE54-9A1E7A4F7556}") = "19. Barista Contest", "19. Barista Contest\19. Barista Contest.csproj", "{7DEB2857-1C0C-406C-9A10-7805A9E7789B}"
EndProject
Project("{9A19103F-16F7-4668-BE54-9A1E7A4F7556}") = "20. Help-A-Mole", "20. Help-A-Mole\20. Help-A-Mole.csproj", "{4C269427-C486-46E6-9D44-66B04C33CBFA}"
EndProject
Project("{9A19103F-16F7-4668-BE54-9A1E7A4F7556}") = "21. Help-A-Mole", "21. Help-A-Mole\21. Help-A-Mole.csproj", "{320DF476-85DE-4B58-801C-976237F16ABE}"
EndProject
Project("{9A19103F-16F7-4668-BE54-9A1E7A4F7556}") = "Basketball", "22. Basketball\Basketball.csproj", "{13954633-9CFD-4880-B8E9-FD61E290C794}"
EndProject
Project("{FAE04EC0-301F-11D3-BF4B-00C04F79EFBC}") = "22. Meal Plan", "22. Meal Plan\22. Meal Plan.csproj", "{ED207653-EB75-47BB-B89D-7EB15B298373}"
EndProject
Project("{FAE04EC0-301F-11D3-BF4B-00C04F79EFBC}") = "23. Truffle Hunter", "23. Truffle Hunter\23. Truffle Hunter.csproj", "{D8051447-6805-4601-86A0-C4FE6CE071F6}"
EndProject
Project("{9A19103F-16F7-4668-BE54-9A1E7A4F7556}") = "Zoo", "24. Zoo\Zoo.csproj", "{52E38C15-5C90-4FAD-BA36-4326795C44AC}"
EndProject
Global
	GlobalSection(SolutionConfigurationPlatforms) = preSolution
		Debug|Any CPU = Debug|Any CPU
		Release|Any CPU = Release|Any CPU
	EndGlobalSection
	GlobalSection(ProjectConfigurationPlatforms) = postSolution
		{C3379AE5-2F72-4A6D-A117-587388D8864D}.Debug|Any CPU.ActiveCfg = Debug|Any CPU
		{C3379AE5-2F72-4A6D-A117-587388D8864D}.Debug|Any CPU.Build.0 = Debug|Any CPU
		{C3379AE5-2F72-4A6D-A117-587388D8864D}.Release|Any CPU.ActiveCfg = Release|Any CPU
		{C3379AE5-2F72-4A6D-A117-587388D8864D}.Release|Any CPU.Build.0 = Release|Any CPU
		{3B67D223-572B-4997-A80A-467DED4A6503}.Debug|Any CPU.ActiveCfg = Debug|Any CPU
		{3B67D223-572B-4997-A80A-467DED4A6503}.Debug|Any CPU.Build.0 = Debug|Any CPU
		{3B67D223-572B-4997-A80A-467DED4A6503}.Release|Any CPU.ActiveCfg = Release|Any CPU
		{3B67D223-572B-4997-A80A-467DED4A6503}.Release|Any CPU.Build.0 = Release|Any CPU
		{0206FE50-9748-4AC9-AEF3-E65FC8AE433C}.Debug|Any CPU.ActiveCfg = Debug|Any CPU
		{0206FE50-9748-4AC9-AEF3-E65FC8AE433C}.Debug|Any CPU.Build.0 = Debug|Any CPU
		{0206FE50-9748-4AC9-AEF3-E65FC8AE433C}.Release|Any CPU.ActiveCfg = Release|Any CPU
		{0206FE50-9748-4AC9-AEF3-E65FC8AE433C}.Release|Any CPU.Build.0 = Release|Any CPU
		{1455950F-3789-4419-A884-464AAB43F4BB}.Debug|Any CPU.ActiveCfg = Debug|Any CPU
		{1455950F-3789-4419-A884-464AAB43F4BB}.Debug|Any CPU.Build.0 = Debug|Any CPU
		{1455950F-3789-4419-A884-464AAB43F4BB}.Release|Any CPU.ActiveCfg = Release|Any CPU
		{1455950F-3789-4419-A884-464AAB43F4BB}.Release|Any CPU.Build.0 = Release|Any CPU
		{C45CFC16-F1B9-487E-8E71-BEA8BC66C774}.Debug|Any CPU.ActiveCfg = Debug|Any CPU
		{C45CFC16-F1B9-487E-8E71-BEA8BC66C774}.Debug|Any CPU.Build.0 = Debug|Any CPU
		{C45CFC16-F1B9-487E-8E71-BEA8BC66C774}.Release|Any CPU.ActiveCfg = Release|Any CPU
		{C45CFC16-F1B9-487E-8E71-BEA8BC66C774}.Release|Any CPU.Build.0 = Release|Any CPU
		{EE84499B-BE1F-4369-B22B-2C968450EE58}.Debug|Any CPU.ActiveCfg = Debug|Any CPU
		{EE84499B-BE1F-4369-B22B-2C968450EE58}.Debug|Any CPU.Build.0 = Debug|Any CPU
		{EE84499B-BE1F-4369-B22B-2C968450EE58}.Release|Any CPU.ActiveCfg = Release|Any CPU
		{EE84499B-BE1F-4369-B22B-2C968450EE58}.Release|Any CPU.Build.0 = Release|Any CPU
		{3B2134A4-B5E1-4169-A604-9AB9AEF9822E}.Debug|Any CPU.ActiveCfg = Debug|Any CPU
		{3B2134A4-B5E1-4169-A604-9AB9AEF9822E}.Debug|Any CPU.Build.0 = Debug|Any CPU
		{3B2134A4-B5E1-4169-A604-9AB9AEF9822E}.Release|Any CPU.ActiveCfg = Release|Any CPU
		{3B2134A4-B5E1-4169-A604-9AB9AEF9822E}.Release|Any CPU.Build.0 = Release|Any CPU
		{22CB6041-8C55-4965-9BCB-D8D5E548813E}.Debug|Any CPU.ActiveCfg = Debug|Any CPU
		{22CB6041-8C55-4965-9BCB-D8D5E548813E}.Debug|Any CPU.Build.0 = Debug|Any CPU
		{22CB6041-8C55-4965-9BCB-D8D5E548813E}.Release|Any CPU.ActiveCfg = Release|Any CPU
		{22CB6041-8C55-4965-9BCB-D8D5E548813E}.Release|Any CPU.Build.0 = Release|Any CPU
		{2087C5AF-8160-4181-B112-532D1EA96459}.Debug|Any CPU.ActiveCfg = Debug|Any CPU
		{2087C5AF-8160-4181-B112-532D1EA96459}.Debug|Any CPU.Build.0 = Debug|Any CPU
		{2087C5AF-8160-4181-B112-532D1EA96459}.Release|Any CPU.ActiveCfg = Release|Any CPU
		{2087C5AF-8160-4181-B112-532D1EA96459}.Release|Any CPU.Build.0 = Release|Any CPU
		{F154141A-0DEF-4463-9480-BD89E7A26E02}.Debug|Any CPU.ActiveCfg = Debug|Any CPU
		{F154141A-0DEF-4463-9480-BD89E7A26E02}.Debug|Any CPU.Build.0 = Debug|Any CPU
		{F154141A-0DEF-4463-9480-BD89E7A26E02}.Release|Any CPU.ActiveCfg = Release|Any CPU
		{F154141A-0DEF-4463-9480-BD89E7A26E02}.Release|Any CPU.Build.0 = Release|Any CPU
		{0D60599B-E058-4B60-8A4B-146B2C7722E7}.Debug|Any CPU.ActiveCfg = Debug|Any CPU
		{0D60599B-E058-4B60-8A4B-146B2C7722E7}.Debug|Any CPU.Build.0 = Debug|Any CPU
		{0D60599B-E058-4B60-8A4B-146B2C7722E7}.Release|Any CPU.ActiveCfg = Release|Any CPU
		{0D60599B-E058-4B60-8A4B-146B2C7722E7}.Release|Any CPU.Build.0 = Release|Any CPU
		{FCD74E85-290E-40B3-B44D-C33CD019DBC6}.Debug|Any CPU.ActiveCfg = Debug|Any CPU
		{FCD74E85-290E-40B3-B44D-C33CD019DBC6}.Debug|Any CPU.Build.0 = Debug|Any CPU
		{FCD74E85-290E-40B3-B44D-C33CD019DBC6}.Release|Any CPU.ActiveCfg = Release|Any CPU
		{FCD74E85-290E-40B3-B44D-C33CD019DBC6}.Release|Any CPU.Build.0 = Release|Any CPU
		{FC3748DB-7540-4D3D-AF94-66154DF4F2D3}.Debug|Any CPU.ActiveCfg = Debug|Any CPU
		{FC3748DB-7540-4D3D-AF94-66154DF4F2D3}.Debug|Any CPU.Build.0 = Debug|Any CPU
		{FC3748DB-7540-4D3D-AF94-66154DF4F2D3}.Release|Any CPU.ActiveCfg = Release|Any CPU
		{FC3748DB-7540-4D3D-AF94-66154DF4F2D3}.Release|Any CPU.Build.0 = Release|Any CPU
		{49CC240A-0B86-483D-A18E-DB4167E5B72B}.Debug|Any CPU.ActiveCfg = Debug|Any CPU
		{49CC240A-0B86-483D-A18E-DB4167E5B72B}.Debug|Any CPU.Build.0 = Debug|Any CPU
		{49CC240A-0B86-483D-A18E-DB4167E5B72B}.Release|Any CPU.ActiveCfg = Release|Any CPU
		{49CC240A-0B86-483D-A18E-DB4167E5B72B}.Release|Any CPU.Build.0 = Release|Any CPU
		{13BE8F14-162D-4C88-B2CA-CE0B948E297F}.Debug|Any CPU.ActiveCfg = Debug|Any CPU
		{13BE8F14-162D-4C88-B2CA-CE0B948E297F}.Debug|Any CPU.Build.0 = Debug|Any CPU
		{13BE8F14-162D-4C88-B2CA-CE0B948E297F}.Release|Any CPU.ActiveCfg = Release|Any CPU
		{13BE8F14-162D-4C88-B2CA-CE0B948E297F}.Release|Any CPU.Build.0 = Release|Any CPU
		{F9E70CBB-ED11-40F5-BDE6-FAE2EC30D5C2}.Debug|Any CPU.ActiveCfg = Debug|Any CPU
		{F9E70CBB-ED11-40F5-BDE6-FAE2EC30D5C2}.Debug|Any CPU.Build.0 = Debug|Any CPU
		{F9E70CBB-ED11-40F5-BDE6-FAE2EC30D5C2}.Release|Any CPU.ActiveCfg = Release|Any CPU
		{F9E70CBB-ED11-40F5-BDE6-FAE2EC30D5C2}.Release|Any CPU.Build.0 = Release|Any CPU
		{B8F8EDF9-82C9-479E-BFE6-DD2B306DB25D}.Debug|Any CPU.ActiveCfg = Debug|Any CPU
		{B8F8EDF9-82C9-479E-BFE6-DD2B306DB25D}.Debug|Any CPU.Build.0 = Debug|Any CPU
		{B8F8EDF9-82C9-479E-BFE6-DD2B306DB25D}.Release|Any CPU.ActiveCfg = Release|Any CPU
		{B8F8EDF9-82C9-479E-BFE6-DD2B306DB25D}.Release|Any CPU.Build.0 = Release|Any CPU
		{55461217-0C7D-45E8-9DDF-C68F3A142EEA}.Debug|Any CPU.ActiveCfg = Debug|Any CPU
		{55461217-0C7D-45E8-9DDF-C68F3A142EEA}.Debug|Any CPU.Build.0 = Debug|Any CPU
		{55461217-0C7D-45E8-9DDF-C68F3A142EEA}.Release|Any CPU.ActiveCfg = Release|Any CPU
		{55461217-0C7D-45E8-9DDF-C68F3A142EEA}.Release|Any CPU.Build.0 = Release|Any CPU
		{9DACDC49-3A50-4BDA-982F-E7748BBFA761}.Debug|Any CPU.ActiveCfg = Debug|Any CPU
		{9DACDC49-3A50-4BDA-982F-E7748BBFA761}.Debug|Any CPU.Build.0 = Debug|Any CPU
		{9DACDC49-3A50-4BDA-982F-E7748BBFA761}.Release|Any CPU.ActiveCfg = Release|Any CPU
		{9DACDC49-3A50-4BDA-982F-E7748BBFA761}.Release|Any CPU.Build.0 = Release|Any CPU
		{6760C147-968C-4724-B42A-3F14A71D6CBB}.Debug|Any CPU.ActiveCfg = Debug|Any CPU
		{6760C147-968C-4724-B42A-3F14A71D6CBB}.Debug|Any CPU.Build.0 = Debug|Any CPU
		{6760C147-968C-4724-B42A-3F14A71D6CBB}.Release|Any CPU.ActiveCfg = Release|Any CPU
		{6760C147-968C-4724-B42A-3F14A71D6CBB}.Release|Any CPU.Build.0 = Release|Any CPU
		{B9004480-FB74-4BC9-B77F-1264EE637C3B}.Debug|Any CPU.ActiveCfg = Debug|Any CPU
		{B9004480-FB74-4BC9-B77F-1264EE637C3B}.Debug|Any CPU.Build.0 = Debug|Any CPU
		{B9004480-FB74-4BC9-B77F-1264EE637C3B}.Release|Any CPU.ActiveCfg = Release|Any CPU
		{B9004480-FB74-4BC9-B77F-1264EE637C3B}.Release|Any CPU.Build.0 = Release|Any CPU
		{4F159D7E-7734-4EBF-9ABB-230127D017F8}.Debug|Any CPU.ActiveCfg = Debug|Any CPU
		{4F159D7E-7734-4EBF-9ABB-230127D017F8}.Debug|Any CPU.Build.0 = Debug|Any CPU
		{4F159D7E-7734-4EBF-9ABB-230127D017F8}.Release|Any CPU.ActiveCfg = Release|Any CPU
		{4F159D7E-7734-4EBF-9ABB-230127D017F8}.Release|Any CPU.Build.0 = Release|Any CPU
		{FEB54E24-8C39-43D0-959C-F1B4D762B36C}.Debug|Any CPU.ActiveCfg = Debug|Any CPU
		{FEB54E24-8C39-43D0-959C-F1B4D762B36C}.Debug|Any CPU.Build.0 = Debug|Any CPU
		{FEB54E24-8C39-43D0-959C-F1B4D762B36C}.Release|Any CPU.ActiveCfg = Release|Any CPU
		{FEB54E24-8C39-43D0-959C-F1B4D762B36C}.Release|Any CPU.Build.0 = Release|Any CPU
		{5B225793-130D-4325-87AD-50AF895D1AB8}.Debug|Any CPU.ActiveCfg = Debug|Any CPU
		{5B225793-130D-4325-87AD-50AF895D1AB8}.Debug|Any CPU.Build.0 = Debug|Any CPU
		{5B225793-130D-4325-87AD-50AF895D1AB8}.Release|Any CPU.ActiveCfg = Release|Any CPU
		{5B225793-130D-4325-87AD-50AF895D1AB8}.Release|Any CPU.Build.0 = Release|Any CPU
		{350E6E48-4826-47B0-B1D5-09935EF0FA5C}.Debug|Any CPU.ActiveCfg = Debug|Any CPU
		{350E6E48-4826-47B0-B1D5-09935EF0FA5C}.Debug|Any CPU.Build.0 = Debug|Any CPU
		{350E6E48-4826-47B0-B1D5-09935EF0FA5C}.Release|Any CPU.ActiveCfg = Release|Any CPU
		{350E6E48-4826-47B0-B1D5-09935EF0FA5C}.Release|Any CPU.Build.0 = Release|Any CPU
		{0425F244-D68A-425E-B4D2-C2B7F12A62A1}.Debug|Any CPU.ActiveCfg = Debug|Any CPU
		{0425F244-D68A-425E-B4D2-C2B7F12A62A1}.Debug|Any CPU.Build.0 = Debug|Any CPU
		{0425F244-D68A-425E-B4D2-C2B7F12A62A1}.Release|Any CPU.ActiveCfg = Release|Any CPU
		{0425F244-D68A-425E-B4D2-C2B7F12A62A1}.Release|Any CPU.Build.0 = Release|Any CPU
		{7DEB2857-1C0C-406C-9A10-7805A9E7789B}.Debug|Any CPU.ActiveCfg = Debug|Any CPU
		{7DEB2857-1C0C-406C-9A10-7805A9E7789B}.Debug|Any CPU.Build.0 = Debug|Any CPU
		{7DEB2857-1C0C-406C-9A10-7805A9E7789B}.Release|Any CPU.ActiveCfg = Release|Any CPU
		{7DEB2857-1C0C-406C-9A10-7805A9E7789B}.Release|Any CPU.Build.0 = Release|Any CPU
		{4C269427-C486-46E6-9D44-66B04C33CBFA}.Debug|Any CPU.ActiveCfg = Debug|Any CPU
		{4C269427-C486-46E6-9D44-66B04C33CBFA}.Debug|Any CPU.Build.0 = Debug|Any CPU
		{4C269427-C486-46E6-9D44-66B04C33CBFA}.Release|Any CPU.ActiveCfg = Release|Any CPU
		{4C269427-C486-46E6-9D44-66B04C33CBFA}.Release|Any CPU.Build.0 = Release|Any CPU
		{320DF476-85DE-4B58-801C-976237F16ABE}.Debug|Any CPU.ActiveCfg = Debug|Any CPU
		{320DF476-85DE-4B58-801C-976237F16ABE}.Debug|Any CPU.Build.0 = Debug|Any CPU
		{320DF476-85DE-4B58-801C-976237F16ABE}.Release|Any CPU.ActiveCfg = Release|Any CPU
		{320DF476-85DE-4B58-801C-976237F16ABE}.Release|Any CPU.Build.0 = Release|Any CPU
		{13954633-9CFD-4880-B8E9-FD61E290C794}.Debug|Any CPU.ActiveCfg = Debug|Any CPU
		{13954633-9CFD-4880-B8E9-FD61E290C794}.Debug|Any CPU.Build.0 = Debug|Any CPU
		{13954633-9CFD-4880-B8E9-FD61E290C794}.Release|Any CPU.ActiveCfg = Release|Any CPU
		{13954633-9CFD-4880-B8E9-FD61E290C794}.Release|Any CPU.Build.0 = Release|Any CPU
		{ED207653-EB75-47BB-B89D-7EB15B298373}.Debug|Any CPU.ActiveCfg = Debug|Any CPU
		{ED207653-EB75-47BB-B89D-7EB15B298373}.Debug|Any CPU.Build.0 = Debug|Any CPU
		{ED207653-EB75-47BB-B89D-7EB15B298373}.Release|Any CPU.ActiveCfg = Release|Any CPU
		{ED207653-EB75-47BB-B89D-7EB15B298373}.Release|Any CPU.Build.0 = Release|Any CPU
		{D8051447-6805-4601-86A0-C4FE6CE071F6}.Debug|Any CPU.ActiveCfg = Debug|Any CPU
		{D8051447-6805-4601-86A0-C4FE6CE071F6}.Debug|Any CPU.Build.0 = Debug|Any CPU
		{D8051447-6805-4601-86A0-C4FE6CE071F6}.Release|Any CPU.ActiveCfg = Release|Any CPU
		{D8051447-6805-4601-86A0-C4FE6CE071F6}.Release|Any CPU.Build.0 = Release|Any CPU
		{52E38C15-5C90-4FAD-BA36-4326795C44AC}.Debug|Any CPU.ActiveCfg = Debug|Any CPU
		{52E38C15-5C90-4FAD-BA36-4326795C44AC}.Debug|Any CPU.Build.0 = Debug|Any CPU
		{52E38C15-5C90-4FAD-BA36-4326795C44AC}.Release|Any CPU.ActiveCfg = Release|Any CPU
		{52E38C15-5C90-4FAD-BA36-4326795C44AC}.Release|Any CPU.Build.0 = Release|Any CPU
	EndGlobalSection
	GlobalSection(SolutionProperties) = preSolution
		HideSolutionNode = FALSE
	EndGlobalSection
	GlobalSection(ExtensibilityGlobals) = postSolution
		SolutionGuid = {6E492D57-8C3B-4664-A907-BFA42A4F70B6}
	EndGlobalSection
EndGlobal
